
Microsoft Visual Studio Solution File, Format Version 12.00
# Visual Studio Version 16
VisualStudioVersion = 16.0.31424.327
MinimumVisualStudioVersion = 10.0.40219.1
Project("{FAE04EC0-301F-11D3-BF4B-00C04F79EFBC}") = "SolidDna.CustomProperties", "SolidDna.CustomProperties.csproj", "{73B94EE6-BC16-49B2-824D-4C4E114859AC}"
EndProject
Project("{9A19103F-16F7-4668-BE54-9A1E7A4F7556}") = "CADBooster.SolidDna", "..\..\..\SolidDna\CADBooster.SolidDna\CADBooster.SolidDna.csproj", "{62DCD55F-880A-4C22-A190-70A5FC6FCE56}"
EndProject
Global
	GlobalSection(SolutionConfigurationPlatforms) = preSolution
		Debug|Any CPU = Debug|Any CPU
		Release|Any CPU = Release|Any CPU
	EndGlobalSection
	GlobalSection(ProjectConfigurationPlatforms) = postSolution
		{73B94EE6-BC16-49B2-824D-4C4E114859AC}.Debug|Any CPU.ActiveCfg = Debug|Any CPU
		{73B94EE6-BC16-49B2-824D-4C4E114859AC}.Debug|Any CPU.Build.0 = Debug|Any CPU
		{73B94EE6-BC16-49B2-824D-4C4E114859AC}.Release|Any CPU.ActiveCfg = Release|Any CPU
		{73B94EE6-BC16-49B2-824D-4C4E114859AC}.Release|Any CPU.Build.0 = Release|Any CPU
		{62DCD55F-880A-4C22-A190-70A5FC6FCE56}.Debug|Any CPU.ActiveCfg = Debug|Any CPU
		{62DCD55F-880A-4C22-A190-70A5FC6FCE56}.Debug|Any CPU.Build.0 = Debug|Any CPU
		{62DCD55F-880A-4C22-A190-70A5FC6FCE56}.Release|Any CPU.ActiveCfg = Release|Any CPU
		{62DCD55F-880A-4C22-A190-70A5FC6FCE56}.Release|Any CPU.Build.0 = Release|Any CPU
	EndGlobalSection
	GlobalSection(SolutionProperties) = preSolution
		HideSolutionNode = FALSE
	EndGlobalSection
	GlobalSection(ExtensibilityGlobals) = postSolution
		SolutionGuid = {7D03D21E-6DEA-40F1-9EEE-CDF2AA63CAAB}
	EndGlobalSection
EndGlobal
