
Microsoft Visual Studio Solution File, Format Version 12.00
# Visual Studio Version 17
VisualStudioVersion = 17.3.32901.215
MinimumVisualStudioVersion = 10.0.40219.1
Project("{9A19103F-16F7-4668-BE54-9A1E7A4F7556}") = "AngelSix.SolidWorksApi.AddinInstaller", "AngelSix.SolidWorksApi.AddinInstaller.csproj", "{09432F0F-4769-47AD-861E-3A88E66EB86C}"
EndProject
Global
	GlobalSection(SolutionConfigurationPlatforms) = preSolution
		Debug|x64 = Debug|x64
		Release|x64 = Release|x64
	EndGlobalSection
	GlobalSection(ProjectConfigurationPlatforms) = postSolution
		{09432F0F-4769-47AD-861E-3A88E66EB86C}.Debug|x64.ActiveCfg = Debug|Any CPU
		{09432F0F-4769-47AD-861E-3A88E66EB86C}.Debug|x64.Build.0 = Debug|Any CPU
		{09432F0F-4769-47AD-861E-3A88E66EB86C}.Release|x64.ActiveCfg = Release|Any CPU
		{09432F0F-4769-47AD-861E-3A88E66EB86C}.Release|x64.Build.0 = Release|Any CPU
	EndGlobalSection
	GlobalSection(SolutionProperties) = preSolution
		HideSolutionNode = FALSE
	EndGlobalSection
	GlobalSection(ExtensibilityGlobals) = postSolution
		SolutionGuid = {14458279-7FA5-4D0D-B1A0-333B45AA2429}
	EndGlobalSection
EndGlobal
